
Microsoft Visual Studio Solution File, Format Version 12.00
# Visual Studio Version 17
VisualStudioVersion = 17.2.32616.157
MinimumVisualStudioVersion = 10.0.40219.1
Project("{FAE04EC0-301F-11D3-BF4B-00C04F79EFBC}") = "webapplicationtest", "webapplicationtest\webapplicationtest.csproj", "{109488C0-1461-46AE-BE97-CF0ABD141E0D}"
EndProject
Global
	GlobalSection(SolutionConfigurationPlatforms) = preSolution
		Debug|Any CPU = Debug|Any CPU
		Release|Any CPU = Release|Any CPU
	EndGlobalSection
	GlobalSection(ProjectConfigurationPlatforms) = postSolution
		{109488C0-1461-46AE-BE97-CF0ABD141E0D}.Debug|Any CPU.ActiveCfg = Debug|Any CPU
		{109488C0-1461-46AE-BE97-CF0ABD141E0D}.Debug|Any CPU.Build.0 = Debug|Any CPU
		{109488C0-1461-46AE-BE97-CF0ABD141E0D}.Release|Any CPU.ActiveCfg = Release|Any CPU
		{109488C0-1461-46AE-BE97-CF0ABD141E0D}.Release|Any CPU.Build.0 = Release|Any CPU
	EndGlobalSection
	GlobalSection(SolutionProperties) = preSolution
		HideSolutionNode = FALSE
	EndGlobalSection
	GlobalSection(ExtensibilityGlobals) = postSolution
		SolutionGuid = {399ADB83-B605-4965-9BD8-F67AE172B332}
	EndGlobalSection
EndGlobal
